// !$*UTF8*$!
{
	archiveVersion = 1;
	classes = {
	};
	objectVersion = 46;
	objects = {

/* Begin PBXBuildFile section */
		41C854471C59DBE50040F2F9 /* main.m in Sources */ = {isa = PBXBuildFile; fileRef = 41C854461C59DBE50040F2F9 /* main.m */; };
		41C8544A1C59DBE50040F2F9 /* AppDelegate.m in Sources */ = {isa = PBXBuildFile; fileRef = 41C854491C59DBE50040F2F9 /* AppDelegate.m */; };
		41C8544C1C59DBE50040F2F9 /* Assets.xcassets in Resources */ = {isa = PBXBuildFile; fileRef = 41C8544B1C59DBE50040F2F9 /* Assets.xcassets */; };
		41C8544F1C59DBE50040F2F9 /* LaunchScreen.storyboard in Resources */ = {isa = PBXBuildFile; fileRef = 41C8544D1C59DBE50040F2F9 /* LaunchScreen.storyboard */; };
		41C8545A1C59DBE50040F2F9 /* SetUpInterFaceTests.m in Sources */ = {isa = PBXBuildFile; fileRef = 41C854591C59DBE50040F2F9 /* SetUpInterFaceTests.m */; };
		41C854651C59DBE50040F2F9 /* SetUpInterFaceUITests.m in Sources */ = {isa = PBXBuildFile; fileRef = 41C854641C59DBE50040F2F9 /* SetUpInterFaceUITests.m */; };
		41C854771C59DC370040F2F9 /* WZGBaseViewController.m in Sources */ = {isa = PBXBuildFile; fileRef = 41C854761C59DC370040F2F9 /* WZGBaseViewController.m */; };
		41C8547A1C59DD5D0040F2F9 /* SetUpCell.m in Sources */ = {isa = PBXBuildFile; fileRef = 41C854791C59DD5D0040F2F9 /* SetUpCell.m */; };
		41C8547D1C59DEFC0040F2F9 /* SetupViewController.m in Sources */ = {isa = PBXBuildFile; fileRef = 41C8547C1C59DEFC0040F2F9 /* SetupViewController.m */; };
		41C854801C59DF4A0040F2F9 /* SetUpItem.m in Sources */ = {isa = PBXBuildFile; fileRef = 41C8547F1C59DF4A0040F2F9 /* SetUpItem.m */; };
		41C854831C59DF5D0040F2F9 /* SetUpGroup.m in Sources */ = {isa = PBXBuildFile; fileRef = 41C854821C59DF5D0040F2F9 /* SetUpGroup.m */; };
		41C854861C59ED6D0040F2F9 /* PushNoticeViewController.m in Sources */ = {isa = PBXBuildFile; fileRef = 41C854851C59ED6D0040F2F9 /* PushNoticeViewController.m */; };
/* End PBXBuildFile section */

/* Begin PBXContainerItemProxy section */
		41C854561C59DBE50040F2F9 /* PBXContainerItemProxy */ = {
			isa = PBXContainerItemProxy;
			containerPortal = 41C8543A1C59DBE50040F2F9 /* Project object */;
			proxyType = 1;
			remoteGlobalIDString = 41C854411C59DBE50040F2F9;
			remoteInfo = SetUpInterFace;
		};
		41C854611C59DBE50040F2F9 /* PBXContainerItemProxy */ = {
			isa = PBXContainerItemProxy;
			containerPortal = 41C8543A1C59DBE50040F2F9 /* Project object */;
			proxyType = 1;
			remoteGlobalIDString = 41C854411C59DBE50040F2F9;
			remoteInfo = SetUpInterFace;
		};
/* End PBXContainerItemProxy section */

/* Begin PBXFileReference section */
		41C854421C59DBE50040F2F9 /* SetUpInterFace.app */ = {isa = PBXFileReference; explicitFileType = wrapper.application; includeInIndex = 0; path = SetUpInterFace.app; sourceTree = BUILT_PRODUCTS_DIR; };
		41C854461C59DBE50040F2F9 /* main.m */ = {isa = PBXFileReference; lastKnownFileType = sourcecode.c.objc; path = main.m; sourceTree = "<group>"; };
		41C854481C59DBE50040F2F9 /* AppDelegate.h */ = {isa = PBXFileReference; lastKnownFileType = sourcecode.c.h; path = AppDelegate.h; sourceTree = "<group>"; };
		41C854491C59DBE50040F2F9 /* AppDelegate.m */ = {isa = PBXFileReference; lastKnownFileType = sourcecode.c.objc; path = AppDelegate.m; sourceTree = "<group>"; };
		41C8544B1C59DBE50040F2F9 /* Assets.xcassets */ = {isa = PBXFileReference; lastKnownFileType = folder.assetcatalog; path = Assets.xcassets; sourceTree = "<group>"; };
		41C8544E1C59DBE50040F2F9 /* Base */ = {isa = PBXFileReference; lastKnownFileType = file.storyboard; name = Base; path = Base.lproj/LaunchScreen.storyboard; sourceTree = "<group>"; };
		41C854501C59DBE50040F2F9 /* Info.plist */ = {isa = PBXFileReference; lastKnownFileType = text.plist.xml; path = Info.plist; sourceTree = "<group>"; };
		41C854551C59DBE50040F2F9 /* SetUpInterFaceTests.xctest */ = {isa = PBXFileReference; explicitFileType = wrapper.cfbundle; includeInIndex = 0; path = SetUpInterFaceTests.xctest; sourceTree = BUILT_PRODUCTS_DIR; };
		41C854591C59DBE50040F2F9 /* SetUpInterFaceTests.m */ = {isa = PBXFileReference; lastKnownFileType = sourcecode.c.objc; path = SetUpInterFaceTests.m; sourceTree = "<group>"; };
		41C8545B1C59DBE50040F2F9 /* Info.plist */ = {isa = PBXFileReference; lastKnownFileType = text.plist.xml; path = Info.plist; sourceTree = "<group>"; };
		41C854601C59DBE50040F2F9 /* SetUpInterFaceUITests.xctest */ = {isa = PBXFileReference; explicitFileType = wrapper.cfbundle; includeInIndex = 0; path = SetUpInterFaceUITests.xctest; sourceTree = BUILT_PRODUCTS_DIR; };
		41C854641C59DBE50040F2F9 /* SetUpInterFaceUITests.m */ = {isa = PBXFileReference; lastKnownFileType = sourcecode.c.objc; path = SetUpInterFaceUITests.m; sourceTree = "<group>"; };
		41C854661C59DBE50040F2F9 /* Info.plist */ = {isa = PBXFileReference; lastKnownFileType = text.plist.xml; path = Info.plist; sourceTree = "<group>"; };
		41C854751C59DC370040F2F9 /* WZGBaseViewController.h */ = {isa = PBXFileReference; fileEncoding = 4; lastKnownFileType = sourcecode.c.h; path = WZGBaseViewController.h; sourceTree = "<group>"; };
		41C854761C59DC370040F2F9 /* WZGBaseViewController.m */ = {isa = PBXFileReference; fileEncoding = 4; lastKnownFileType = sourcecode.c.objc; path = WZGBaseViewController.m; sourceTree = "<group>"; };
		41C854781C59DD5D0040F2F9 /* SetUpCell.h */ = {isa = PBXFileReference; fileEncoding = 4; lastKnownFileType = sourcecode.c.h; path = SetUpCell.h; sourceTree = "<group>"; };
		41C854791C59DD5D0040F2F9 /* SetUpCell.m */ = {isa = PBXFileReference; fileEncoding = 4; lastKnownFileType = sourcecode.c.objc; path = SetUpCell.m; sourceTree = "<group>"; };
		41C8547B1C59DEFC0040F2F9 /* SetupViewController.h */ = {isa = PBXFileReference; fileEncoding = 4; lastKnownFileType = sourcecode.c.h; path = SetupViewController.h; sourceTree = "<group>"; };
		41C8547C1C59DEFC0040F2F9 /* SetupViewController.m */ = {isa = PBXFileReference; fileEncoding = 4; lastKnownFileType = sourcecode.c.objc; path = SetupViewController.m; sourceTree = "<group>"; };
		41C8547E1C59DF4A0040F2F9 /* SetUpItem.h */ = {isa = PBXFileReference; fileEncoding = 4; lastKnownFileType = sourcecode.c.h; path = SetUpItem.h; sourceTree = "<group>"; };
		41C8547F1C59DF4A0040F2F9 /* SetUpItem.m */ = {isa = PBXFileReference; fileEncoding = 4; lastKnownFileType = sourcecode.c.objc; path = SetUpItem.m; sourceTree = "<group>"; };
		41C854811C59DF5D0040F2F9 /* SetUpGroup.h */ = {isa = PBXFileReference; fileEncoding = 4; lastKnownFileType = sourcecode.c.h; path = SetUpGroup.h; sourceTree = "<group>"; };
		41C854821C59DF5D0040F2F9 /* SetUpGroup.m */ = {isa = PBXFileReference; fileEncoding = 4; lastKnownFileType = sourcecode.c.objc; path = SetUpGroup.m; sourceTree = "<group>"; };
		41C854841C59ED6D0040F2F9 /* PushNoticeViewController.h */ = {isa = PBXFileReference; fileEncoding = 4; lastKnownFileType = sourcecode.c.h; path = PushNoticeViewController.h; sourceTree = "<group>"; };
		41C854851C59ED6D0040F2F9 /* PushNoticeViewController.m */ = {isa = PBXFileReference; fileEncoding = 4; lastKnownFileType = sourcecode.c.objc; path = PushNoticeViewController.m; sourceTree = "<group>"; };
/* End PBXFileReference section */

/* Begin PBXFrameworksBuildPhase section */
		41C8543F1C59DBE50040F2F9 /* Frameworks */ = {
			isa = PBXFrameworksBuildPhase;
			buildActionMask = 2147483647;
			files = (
			);
			runOnlyForDeploymentPostprocessing = 0;
		};
		41C854521C59DBE50040F2F9 /* Frameworks */ = {
			isa = PBXFrameworksBuildPhase;
			buildActionMask = 2147483647;
			files = (
			);
			runOnlyForDeploymentPostprocessing = 0;
		};
		41C8545D1C59DBE50040F2F9 /* Frameworks */ = {
			isa = PBXFrameworksBuildPhase;
			buildActionMask = 2147483647;
			files = (
			);
			runOnlyForDeploymentPostprocessing = 0;
		};
/* End PBXFrameworksBuildPhase section */

/* Begin PBXGroup section */
		41C854391C59DBE50040F2F9 = {
			isa = PBXGroup;
			children = (
				41C854441C59DBE50040F2F9 /* SetUpInterFace */,
				41C854581C59DBE50040F2F9 /* SetUpInterFaceTests */,
				41C854631C59DBE50040F2F9 /* SetUpInterFaceUITests */,
				41C854431C59DBE50040F2F9 /* Products */,
			);
			sourceTree = "<group>";
		};
		41C854431C59DBE50040F2F9 /* Products */ = {
			isa = PBXGroup;
			children = (
				41C854421C59DBE50040F2F9 /* SetUpInterFace.app */,
				41C854551C59DBE50040F2F9 /* SetUpInterFaceTests.xctest */,
				41C854601C59DBE50040F2F9 /* SetUpInterFaceUITests.xctest */,
			);
			name = Products;
			sourceTree = "<group>";
		};
		41C854441C59DBE50040F2F9 /* SetUpInterFace */ = {
			isa = PBXGroup;
			children = (
				41C854481C59DBE50040F2F9 /* AppDelegate.h */,
				41C854491C59DBE50040F2F9 /* AppDelegate.m */,
				41C8547B1C59DEFC0040F2F9 /* SetupViewController.h */,
				41C8547C1C59DEFC0040F2F9 /* SetupViewController.m */,
				41C854841C59ED6D0040F2F9 /* PushNoticeViewController.h */,
				41C854851C59ED6D0040F2F9 /* PushNoticeViewController.m */,
				41C854721C59DC090040F2F9 /* Controller */,
				41C854741C59DC1A0040F2F9 /* Model */,
				41C854731C59DC120040F2F9 /* View */,
				41C8544B1C59DBE50040F2F9 /* Assets.xcassets */,
				41C8544D1C59DBE50040F2F9 /* LaunchScreen.storyboard */,
				41C854501C59DBE50040F2F9 /* Info.plist */,
				41C854451C59DBE50040F2F9 /* Supporting Files */,
			);
			path = SetUpInterFace;
			sourceTree = "<group>";
		};
		41C854451C59DBE50040F2F9 /* Supporting Files */ = {
			isa = PBXGroup;
			children = (
				41C854461C59DBE50040F2F9 /* main.m */,
			);
			name = "Supporting Files";
			sourceTree = "<group>";
		};
		41C854581C59DBE50040F2F9 /* SetUpInterFaceTests */ = {
			isa = PBXGroup;
			children = (
				41C854591C59DBE50040F2F9 /* SetUpInterFaceTests.m */,
				41C8545B1C59DBE50040F2F9 /* Info.plist */,
			);
			path = SetUpInterFaceTests;
			sourceTree = "<group>";
		};
		41C854631C59DBE50040F2F9 /* SetUpInterFaceUITests */ = {
			isa = PBXGroup;
			children = (
				41C854641C59DBE50040F2F9 /* SetUpInterFaceUITests.m */,
				41C854661C59DBE50040F2F9 /* Info.plist */,
			);
			path = SetUpInterFaceUITests;
			sourceTree = "<group>";
		};
		41C854721C59DC090040F2F9 /* Controller */ = {
			isa = PBXGroup;
			children = (
				41C854751C59DC370040F2F9 /* WZGBaseViewController.h */,
				41C854761C59DC370040F2F9 /* WZGBaseViewController.m */,
			);
			path = Controller;
			sourceTree = "<group>";
		};
		41C854731C59DC120040F2F9 /* View */ = {
			isa = PBXGroup;
			children = (
				41C854781C59DD5D0040F2F9 /* SetUpCell.h */,
				41C854791C59DD5D0040F2F9 /* SetUpCell.m */,
			);
			path = View;
			sourceTree = "<group>";
		};
		41C854741C59DC1A0040F2F9 /* Model */ = {
			isa = PBXGroup;
			children = (
				41C8547E1C59DF4A0040F2F9 /* SetUpItem.h */,
				41C8547F1C59DF4A0040F2F9 /* SetUpItem.m */,
				41C854811C59DF5D0040F2F9 /* SetUpGroup.h */,
				41C854821C59DF5D0040F2F9 /* SetUpGroup.m */,
			);
			path = Model;
			sourceTree = "<group>";
		};
/* End PBXGroup section */

/* Begin PBXNativeTarget section */
		41C854411C59DBE50040F2F9 /* SetUpInterFace */ = {
			isa = PBXNativeTarget;
			buildConfigurationList = 41C854691C59DBE50040F2F9 /* Build configuration list for PBXNativeTarget "SetUpInterFace" */;
			buildPhases = (
				41C8543E1C59DBE50040F2F9 /* Sources */,
				41C8543F1C59DBE50040F2F9 /* Frameworks */,
				41C854401C59DBE50040F2F9 /* Resources */,
			);
			buildRules = (
			);
			dependencies = (
			);
			name = SetUpInterFace;
			productName = SetUpInterFace;
			productReference = 41C854421C59DBE50040F2F9 /* SetUpInterFace.app */;
			productType = "com.apple.product-type.application";
		};
		41C854541C59DBE50040F2F9 /* SetUpInterFaceTests */ = {
			isa = PBXNativeTarget;
			buildConfigurationList = 41C8546C1C59DBE50040F2F9 /* Build configuration list for PBXNativeTarget "SetUpInterFaceTests" */;
			buildPhases = (
				41C854511C59DBE50040F2F9 /* Sources */,
				41C854521C59DBE50040F2F9 /* Frameworks */,
				41C854531C59DBE50040F2F9 /* Resources */,
			);
			buildRules = (
			);
			dependencies = (
				41C854571C59DBE50040F2F9 /* PBXTargetDependency */,
			);
			name = SetUpInterFaceTests;
			productName = SetUpInterFaceTests;
			productReference = 41C854551C59DBE50040F2F9 /* SetUpInterFaceTests.xctest */;
			productType = "com.apple.product-type.bundle.unit-test";
		};
		41C8545F1C59DBE50040F2F9 /* SetUpInterFaceUITests */ = {
			isa = PBXNativeTarget;
			buildConfigurationList = 41C8546F1C59DBE50040F2F9 /* Build configuration list for PBXNativeTarget "SetUpInterFaceUITests" */;
			buildPhases = (
				41C8545C1C59DBE50040F2F9 /* Sources */,
				41C8545D1C59DBE50040F2F9 /* Frameworks */,
				41C8545E1C59DBE50040F2F9 /* Resources */,
			);
			buildRules = (
			);
			dependencies = (
				41C854621C59DBE50040F2F9 /* PBXTargetDependency */,
			);
			name = SetUpInterFaceUITests;
			productName = SetUpInterFaceUITests;
			productReference = 41C854601C59DBE50040F2F9 /* SetUpInterFaceUITests.xctest */;
			productType = "com.apple.product-type.bundle.ui-testing";
		};
/* End PBXNativeTarget section */

/* Begin PBXProject section */
		41C8543A1C59DBE50040F2F9 /* Project object */ = {
			isa = PBXProject;
			attributes = {
				LastUpgradeCheck = 0720;
				ORGANIZATIONNAME = Rocky;
				TargetAttributes = {
					41C854411C59DBE50040F2F9 = {
						CreatedOnToolsVersion = 7.2;
					};
					41C854541C59DBE50040F2F9 = {
						CreatedOnToolsVersion = 7.2;
						TestTargetID = 41C854411C59DBE50040F2F9;
					};
					41C8545F1C59DBE50040F2F9 = {
						CreatedOnToolsVersion = 7.2;
						TestTargetID = 41C854411C59DBE50040F2F9;
					};
				};
			};
			buildConfigurationList = 41C8543D1C59DBE50040F2F9 /* Build configuration list for PBXProject "SetUpInterFace" */;
			compatibilityVersion = "Xcode 3.2";
			developmentRegion = English;
			hasScannedForEncodings = 0;
			knownRegions = (
				en,
				Base,
			);
			mainGroup = 41C854391C59DBE50040F2F9;
			productRefGroup = 41C854431C59DBE50040F2F9 /* Products */;
			projectDirPath = "";
			projectRoot = "";
			targets = (
				41C854411C59DBE50040F2F9 /* SetUpInterFace */,
				41C854541C59DBE50040F2F9 /* SetUpInterFaceTests */,
				41C8545F1C59DBE50040F2F9 /* SetUpInterFaceUITests */,
			);
		};
/* End PBXProject section */

/* Begin PBXResourcesBuildPhase section */
		41C854401C59DBE50040F2F9 /* Resources */ = {
			isa = PBXResourcesBuildPhase;
			buildActionMask = 2147483647;
			files = (
				41C8544C1C59DBE50040F2F9 /* Assets.xcassets in Resources */,
				41C8544F1C59DBE50040F2F9 /* LaunchScreen.storyboard in Resources */,
			);
			runOnlyForDeploymentPostprocessing = 0;
		};
		41C854531C59DBE50040F2F9 /* Resources */ = {
			isa = PBXResourcesBuildPhase;
			buildActionMask = 2147483647;
			files = (
			);
			runOnlyForDeploymentPostprocessing = 0;
		};
		41C8545E1C59DBE50040F2F9 /* Resources */ = {
			isa = PBXResourcesBuildPhase;
			buildActionMask = 2147483647;
			files = (
			);
			runOnlyForDeploymentPostprocessing = 0;
		};
/* End PBXResourcesBuildPhase section */

/* Begin PBXSourcesBuildPhase section */
		41C8543E1C59DBE50040F2F9 /* Sources */ = {
			isa = PBXSourcesBuildPhase;
			buildActionMask = 2147483647;
			files = (
				41C8544A1C59DBE50040F2F9 /* AppDelegate.m in Sources */,
				41C854831C59DF5D0040F2F9 /* SetUpGroup.m in Sources */,
				41C854471C59DBE50040F2F9 /* main.m in Sources */,
				41C854801C59DF4A0040F2F9 /* SetUpItem.m in Sources */,
				41C854771C59DC370040F2F9 /* WZGBaseViewController.m in Sources */,
				41C8547D1C59DEFC0040F2F9 /* SetupViewController.m in Sources */,
				41C854861C59ED6D0040F2F9 /* PushNoticeViewController.m in Sources */,
				41C8547A1C59DD5D0040F2F9 /* SetUpCell.m in Sources */,
			);
			runOnlyForDeploymentPostprocessing = 0;
		};
		41C854511C59DBE50040F2F9 /* Sources */ = {
			isa = PBXSourcesBuildPhase;
			buildActionMask = 2147483647;
			files = (
				41C8545A1C59DBE50040F2F9 /* SetUpInterFaceTests.m in Sources */,
			);
			runOnlyForDeploymentPostprocessing = 0;
		};
		41C8545C1C59DBE50040F2F9 /* Sources */ = {
			isa = PBXSourcesBuildPhase;
			buildActionMask = 2147483647;
			files = (
				41C854651C59DBE50040F2F9 /* SetUpInterFaceUITests.m in Sources */,
			);
			runOnlyForDeploymentPostprocessing = 0;
		};
/* End PBXSourcesBuildPhase section */

/* Begin PBXTargetDependency section */
		41C854571C59DBE50040F2F9 /* PBXTargetDependency */ = {
			isa = PBXTargetDependency;
			target = 41C854411C59DBE50040F2F9 /* SetUpInterFace */;
			targetProxy = 41C854561C59DBE50040F2F9 /* PBXContainerItemProxy */;
		};
		41C854621C59DBE50040F2F9 /* PBXTargetDependency */ = {
			isa = PBXTargetDependency;
			target = 41C854411C59DBE50040F2F9 /* SetUpInterFace */;
			targetProxy = 41C854611C59DBE50040F2F9 /* PBXContainerItemProxy */;
		};
/* End PBXTargetDependency section */

/* Begin PBXVariantGroup section */
		41C8544D1C59DBE50040F2F9 /* LaunchScreen.storyboard */ = {
			isa = PBXVariantGroup;
			children = (
				41C8544E1C59DBE50040F2F9 /* Base */,
			);
			name = LaunchScreen.storyboard;
			sourceTree = "<group>";
		};
/* End PBXVariantGroup section */

/* Begin XCBuildConfiguration section */
		41C854671C59DBE50040F2F9 /* Debug */ = {
			isa = XCBuildConfiguration;
			buildSettings = {
				ALWAYS_SEARCH_USER_PATHS = NO;
				CLANG_CXX_LANGUAGE_STANDARD = "gnu++0x";
				CLANG_CXX_LIBRARY = "libc++";
				CLANG_ENABLE_MODULES = YES;
				CLANG_ENABLE_OBJC_ARC = YES;
				CLANG_WARN_BOOL_CONVERSION = YES;
				CLANG_WARN_CONSTANT_CONVERSION = YES;
				CLANG_WARN_DIRECT_OBJC_ISA_USAGE = YES_ERROR;
				CLANG_WARN_EMPTY_BODY = YES;
				CLANG_WARN_ENUM_CONVERSION = YES;
				CLANG_WARN_INT_CONVERSION = YES;
				CLANG_WARN_OBJC_ROOT_CLASS = YES_ERROR;
				CLANG_WARN_UNREACHABLE_CODE = YES;
				CLANG_WARN__DUPLICATE_METHOD_MATCH = YES;
				"CODE_SIGN_IDENTITY[sdk=iphoneos*]" = "iPhone Developer";
				COPY_PHASE_STRIP = NO;
				DEBUG_INFORMATION_FORMAT = dwarf;
				ENABLE_STRICT_OBJC_MSGSEND = YES;
				ENABLE_TESTABILITY = YES;
				GCC_C_LANGUAGE_STANDARD = gnu99;
				GCC_DYNAMIC_NO_PIC = NO;
				GCC_NO_COMMON_BLOCKS = YES;
				GCC_OPTIMIZATION_LEVEL = 0;
				GCC_PREPROCESSOR_DEFINITIONS = (
					"DEBUG=1",
					"$(inherited)",
				);
				GCC_WARN_64_TO_32_BIT_CONVERSION = YES;
				GCC_WARN_ABOUT_RETURN_TYPE = YES_ERROR;
				GCC_WARN_UNDECLARED_SELECTOR = YES;
				GCC_WARN_UNINITIALIZED_AUTOS = YES_AGGRESSIVE;
				GCC_WARN_UNUSED_FUNCTION = YES;
				GCC_WARN_UNUSED_VARIABLE = YES;
				IPHONEOS_DEPLOYMENT_TARGET = 9.2;
				MTL_ENABLE_DEBUG_INFO = YES;
				ONLY_ACTIVE_ARCH = YES;
				SDKROOT = iphoneos;
				TARGETED_DEVICE_FAMILY = "1,2";
			};
			name = Debug;
		};
		41C854681C59DBE50040F2F9 /* Release */ = {
			isa = XCBuildConfiguration;
			buildSettings = {
				ALWAYS_SEARCH_USER_PATHS = NO;
				CLANG_CXX_LANGUAGE_STANDARD = "gnu++0x";
				CLANG_CXX_LIBRARY = "libc++";
				CLANG_ENABLE_MODULES = YES;
				CLANG_ENABLE_OBJC_ARC = YES;
				CLANG_WARN_BOOL_CONVERSION = YES;
				CLANG_WARN_CONSTANT_CONVERSION = YES;
				CLANG_WARN_DIRECT_OBJC_ISA_USAGE = YES_ERROR;
				CLANG_WARN_EMPTY_BODY = YES;
				CLANG_WARN_ENUM_CONVERSION = YES;
				CLANG_WARN_INT_CONVERSION = YES;
				CLANG_WARN_OBJC_ROOT_CLASS = YES_ERROR;
				CLANG_WARN_UNREACHABLE_CODE = YES;
				CLANG_WARN__DUPLICATE_METHOD_MATCH = YES;
				"CODE_SIGN_IDENTITY[sdk=iphoneos*]" = "iPhone Developer";
				COPY_PHASE_STRIP = NO;
				DEBUG_INFORMATION_FORMAT = "dwarf-with-dsym";
				ENABLE_NS_ASSERTIONS = NO;
				ENABLE_STRICT_OBJC_MSGSEND = YES;
				GCC_C_LANGUAGE_STANDARD = gnu99;
				GCC_NO_COMMON_BLOCKS = YES;
				GCC_WARN_64_TO_32_BIT_CONVERSION = YES;
				GCC_WARN_ABOUT_RETURN_TYPE = YES_ERROR;
				GCC_WARN_UNDECLARED_SELECTOR = YES;
				GCC_WARN_UNINITIALIZED_AUTOS = YES_AGGRESSIVE;
				GCC_WARN_UNUSED_FUNCTION = YES;
				GCC_WARN_UNUSED_VARIABLE = YES;
				IPHONEOS_DEPLOYMENT_TARGET = 9.2;
				MTL_ENABLE_DEBUG_INFO = NO;
				SDKROOT = iphoneos;
				TARGETED_DEVICE_FAMILY = "1,2";
				VALIDATE_PRODUCT = YES;
			};
			name = Release;
		};
		41C8546A1C59DBE50040F2F9 /* Debug */ = {
			isa = XCBuildConfiguration;
			buildSettings = {
				ASSETCATALOG_COMPILER_APPICON_NAME = AppIcon;
				INFOPLIST_FILE = SetUpInterFace/Info.plist;
				LD_RUNPATH_SEARCH_PATHS = "$(inherited) @executable_path/Frameworks";
				PRODUCT_BUNDLE_IDENTIFIER = weiziguan.SetUpInterFace;
				PRODUCT_NAME = "$(TARGET_NAME)";
			};
			name = Debug;
		};
		41C8546B1C59DBE50040F2F9 /* Release */ = {
			isa = XCBuildConfiguration;
			buildSettings = {
				ASSETCATALOG_COMPILER_APPICON_NAME = AppIcon;
				INFOPLIST_FILE = SetUpInterFace/Info.plist;
				LD_RUNPATH_SEARCH_PATHS = "$(inherited) @executable_path/Frameworks";
				PRODUCT_BUNDLE_IDENTIFIER = weiziguan.SetUpInterFace;
				PRODUCT_NAME = "$(TARGET_NAME)";
			};
			name = Release;
		};
		41C8546D1C59DBE50040F2F9 /* Debug */ = {
			isa = XCBuildConfiguration;
			buildSettings = {
				BUNDLE_LOADER = "$(TEST_HOST)";
				INFOPLIST_FILE = SetUpInterFaceTests/Info.plist;
				LD_RUNPATH_SEARCH_PATHS = "$(inherited) @executable_path/Frameworks @loader_path/Frameworks";
				PRODUCT_BUNDLE_IDENTIFIER = weiziguan.SetUpInterFaceTests;
				PRODUCT_NAME = "$(TARGET_NAME)";
				TEST_HOST = "$(BUILT_PRODUCTS_DIR)/SetUpInterFace.app/SetUpInterFace";
			};
			name = Debug;
		};
		41C8546E1C59DBE50040F2F9 /* Release */ = {
			isa = XCBuildConfiguration;
			buildSettings = {
				BUNDLE_LOADER = "$(TEST_HOST)";
				INFOPLIST_FILE = SetUpInterFaceTests/Info.plist;
				LD_RUNPATH_SEARCH_PATHS = "$(inherited) @executable_path/Frameworks @loader_path/Frameworks";
				PRODUCT_BUNDLE_IDENTIFIER = weiziguan.SetUpInterFaceTests;
				PRODUCT_NAME = "$(TARGET_NAME)";
				TEST_HOST = "$(BUILT_PRODUCTS_DIR)/SetUpInterFace.app/SetUpInterFace";
			};
			name = Release;
		};
		41C854701C59DBE50040F2F9 /* Debug */ = {
			isa = XCBuildConfiguration;
			buildSettings = {
				INFOPLIST_FILE = SetUpInterFaceUITests/Info.plist;
				LD_RUNPATH_SEARCH_PATHS = "$(inherited) @executable_path/Frameworks @loader_path/Frameworks";
				PRODUCT_BUNDLE_IDENTIFIER = weiziguan.SetUpInterFaceUITests;
				PRODUCT_NAME = "$(TARGET_NAME)";
				TEST_TARGET_NAME = SetUpInterFace;
				USES_XCTRUNNER = YES;
			};
			name = Debug;
		};
		41C854711C59DBE50040F2F9 /* Release */ = {
			isa = XCBuildConfiguration;
			buildSettings = {
				INFOPLIST_FILE = SetUpInterFaceUITests/Info.plist;
				LD_RUNPATH_SEARCH_PATHS = "$(inherited) @executable_path/Frameworks @loader_path/Frameworks";
				PRODUCT_BUNDLE_IDENTIFIER = weiziguan.SetUpInterFaceUITests;
				PRODUCT_NAME = "$(TARGET_NAME)";
				TEST_TARGET_NAME = SetUpInterFace;
				USES_XCTRUNNER = YES;
			};
			name = Release;
		};
/* End XCBuildConfiguration section */

/* Begin XCConfigurationList section */
		41C8543D1C59DBE50040F2F9 /* Build configuration list for PBXProject "SetUpInterFace" */ = {
			isa = XCConfigurationList;
			buildConfigurations = (
				41C854671C59DBE50040F2F9 /* Debug */,
				41C854681C59DBE50040F2F9 /* Release */,
			);
			defaultConfigurationIsVisible = 0;
			defaultConfigurationName = Release;
		};
		41C854691C59DBE50040F2F9 /* Build configuration list for PBXNativeTarget "SetUpInterFace" */ = {
			isa = XCConfigurationList;
			buildConfigurations = (
				41C8546A1C59DBE50040F2F9 /* Debug */,
				41C8546B1C59DBE50040F2F9 /* Release */,
			);
			defaultConfigurationIsVisible = 0;
		};
		41C8546C1C59DBE50040F2F9 /* Build configuration list for PBXNativeTarget "SetUpInterFaceTests" */ = {
			isa = XCConfigurationList;
			buildConfigurations = (
				41C8546D1C59DBE50040F2F9 /* Debug */,
				41C8546E1C59DBE50040F2F9 /* Release */,
			);
			defaultConfigurationIsVisible = 0;
		};
		41C8546F1C59DBE50040F2F9 /* Build configuration list for PBXNativeTarget "SetUpInterFaceUITests" */ = {
			isa = XCConfigurationList;
			buildConfigurations = (
				41C854701C59DBE50040F2F9 /* Debug */,
				41C854711C59DBE50040F2F9 /* Release */,
			);
			defaultConfigurationIsVisible = 0;
		};
/* End XCConfigurationList section */
	};
	rootObject = 41C8543A1C59DBE50040F2F9 /* Project object */;
}
